
Microsoft Visual Studio Solution File, Format Version 12.00
# Visual Studio 15
VisualStudioVersion = 15.0.28307.572
MinimumVisualStudioVersion = 10.0.40219.1
Project("{FAE04EC0-301F-11D3-BF4B-00C04F79EFBC}") = "CodeFlow", "CodeFlow\CodeFlow.csproj", "{93372359-B29B-4C9A-B985-DDF684475695}"
EndProject
Project("{2150E333-8FDC-42A3-9474-1A3956D46DE8}") = "Solution Items", "Solution Items", "{4AE1A802-6FA8-4949-ABF8-491509841B85}"
	ProjectSection(SolutionItems) = preProject
		appveyor.yml = appveyor.yml
	EndProjectSection
EndProject
Project("{FAE04EC0-301F-11D3-BF4B-00C04F79EFBC}") = "CodeFlowLibrary", "CodeFlowLibrary\CodeFlowLibrary.csproj", "{93A9B8A0-1B90-478B-BA39-A5FA831A5EC1}"
EndProject
Project("{FAE04EC0-301F-11D3-BF4B-00C04F79EFBC}") = "CodeFlowUI", "CodeFlowUI\CodeFlowUI.csproj", "{E5C6FC2F-AC48-4967-AF3C-9126809D10CD}"
EndProject
Project("{FAE04EC0-301F-11D3-BF4B-00C04F79EFBC}") = "CodeFlowBridge", "CodeFlowBridge\CodeFlowBridge.csproj", "{8C608065-F71A-4825-9BCF-DE47219E3B91}"
EndProject
Global
	GlobalSection(SolutionConfigurationPlatforms) = preSolution
		Debug|Any CPU = Debug|Any CPU
		Release|Any CPU = Release|Any CPU
	EndGlobalSection
	GlobalSection(ProjectConfigurationPlatforms) = postSolution
		{93372359-B29B-4C9A-B985-DDF684475695}.Debug|Any CPU.ActiveCfg = Debug|Any CPU
		{93372359-B29B-4C9A-B985-DDF684475695}.Debug|Any CPU.Build.0 = Debug|Any CPU
		{93372359-B29B-4C9A-B985-DDF684475695}.Release|Any CPU.ActiveCfg = Release|Any CPU
		{93372359-B29B-4C9A-B985-DDF684475695}.Release|Any CPU.Build.0 = Release|Any CPU
		{93A9B8A0-1B90-478B-BA39-A5FA831A5EC1}.Debug|Any CPU.ActiveCfg = Debug|Any CPU
		{93A9B8A0-1B90-478B-BA39-A5FA831A5EC1}.Debug|Any CPU.Build.0 = Debug|Any CPU
		{93A9B8A0-1B90-478B-BA39-A5FA831A5EC1}.Release|Any CPU.ActiveCfg = Release|Any CPU
		{93A9B8A0-1B90-478B-BA39-A5FA831A5EC1}.Release|Any CPU.Build.0 = Release|Any CPU
		{E5C6FC2F-AC48-4967-AF3C-9126809D10CD}.Debug|Any CPU.ActiveCfg = Debug|Any CPU
		{E5C6FC2F-AC48-4967-AF3C-9126809D10CD}.Debug|Any CPU.Build.0 = Debug|Any CPU
		{E5C6FC2F-AC48-4967-AF3C-9126809D10CD}.Release|Any CPU.ActiveCfg = Release|Any CPU
		{E5C6FC2F-AC48-4967-AF3C-9126809D10CD}.Release|Any CPU.Build.0 = Release|Any CPU
		{8C608065-F71A-4825-9BCF-DE47219E3B91}.Debug|Any CPU.ActiveCfg = Debug|Any CPU
		{8C608065-F71A-4825-9BCF-DE47219E3B91}.Debug|Any CPU.Build.0 = Debug|Any CPU
		{8C608065-F71A-4825-9BCF-DE47219E3B91}.Release|Any CPU.ActiveCfg = Release|Any CPU
		{8C608065-F71A-4825-9BCF-DE47219E3B91}.Release|Any CPU.Build.0 = Release|Any CPU
	EndGlobalSection
	GlobalSection(SolutionProperties) = preSolution
		HideSolutionNode = FALSE
	EndGlobalSection
	GlobalSection(ExtensibilityGlobals) = postSolution
		SolutionGuid = {788C82DD-34EA-4A4D-8FD6-66366149500A}
	EndGlobalSection
EndGlobal
